
Microsoft Visual Studio Solution File, Format Version 12.00
# Visual Studio Version 16
VisualStudioVersion = 16.0.30413.136
MinimumVisualStudioVersion = 10.0.40219.1
Project("{FAE04EC0-301F-11D3-BF4B-00C04F79EFBC}") = "ProvinceToolDemo", "ProvinceToolDemo\ProvinceToolDemo.csproj", "{7CB7A934-08F0-49CE-971E-0D72E936A26E}"
EndProject
Global
	GlobalSection(SolutionConfigurationPlatforms) = preSolution
		Debug|Any CPU = Debug|Any CPU
		Release|Any CPU = Release|Any CPU
	EndGlobalSection
	GlobalSection(ProjectConfigurationPlatforms) = postSolution
		{7CB7A934-08F0-49CE-971E-0D72E936A26E}.Debug|Any CPU.ActiveCfg = Debug|Any CPU
		{7CB7A934-08F0-49CE-971E-0D72E936A26E}.Debug|Any CPU.Build.0 = Debug|Any CPU
		{7CB7A934-08F0-49CE-971E-0D72E936A26E}.Release|Any CPU.ActiveCfg = Release|Any CPU
		{7CB7A934-08F0-49CE-971E-0D72E936A26E}.Release|Any CPU.Build.0 = Release|Any CPU
	EndGlobalSection
	GlobalSection(SolutionProperties) = preSolution
		HideSolutionNode = FALSE
	EndGlobalSection
	GlobalSection(ExtensibilityGlobals) = postSolution
		SolutionGuid = {5270FBFC-B520-48E1-8147-729C6A146C15}
	EndGlobalSection
EndGlobal
